
Microsoft Visual Studio Solution File, Format Version 12.00
# Visual Studio Version 17
VisualStudioVersion = 17.5.33424.131
MinimumVisualStudioVersion = 10.0.40219.1
Project("{FAE04EC0-301F-11D3-BF4B-00C04F79EFBC}") = "FoodDeliveryApp", "FoodDeliveryApp.csproj", "{48ECF9F7-D92F-4EC7-B834-0ACA2773575A}"
EndProject
Global
	GlobalSection(SolutionConfigurationPlatforms) = preSolution
		Debug|Any CPU = Debug|Any CPU
		Release|Any CPU = Release|Any CPU
	EndGlobalSection
	GlobalSection(ProjectConfigurationPlatforms) = postSolution
		{48ECF9F7-D92F-4EC7-B834-0ACA2773575A}.Debug|Any CPU.ActiveCfg = Debug|Any CPU
		{48ECF9F7-D92F-4EC7-B834-0ACA2773575A}.Debug|Any CPU.Build.0 = Debug|Any CPU
		{48ECF9F7-D92F-4EC7-B834-0ACA2773575A}.Release|Any CPU.ActiveCfg = Release|Any CPU
		{48ECF9F7-D92F-4EC7-B834-0ACA2773575A}.Release|Any CPU.Build.0 = Release|Any CPU
	EndGlobalSection
	GlobalSection(SolutionProperties) = preSolution
		HideSolutionNode = FALSE
	EndGlobalSection
	GlobalSection(ExtensibilityGlobals) = postSolution
		SolutionGuid = {875B2BC1-CC77-489E-AF87-9843B8F9503D}
	EndGlobalSection
EndGlobal
